
Microsoft Visual Studio Solution File, Format Version 12.00
# Visual Studio 2012
Project("{FAE04EC0-301F-11D3-BF4B-00C04F79EFBC}") = "Fuguno.UI", "Fuguno.UI\Fuguno.UI.csproj", "{E38B3715-1EBB-42D4-80B6-16E7A43318E5}"
EndProject
Project("{FAE04EC0-301F-11D3-BF4B-00C04F79EFBC}") = "Fuguno.Tfs", "Fuguno.Tfs\Fuguno.Tfs.csproj", "{EAF24EA9-EF04-4E69-B6B0-CBAE6BF30324}"
EndProject
Project("{FAE04EC0-301F-11D3-BF4B-00C04F79EFBC}") = "Fuguno.UI.Console", "Fuguno.UI.Console\Fuguno.UI.Console.csproj", "{883B93B9-9520-46C6-AAB0-17E3FBCCE4F5}"
EndProject
Project("{FAE04EC0-301F-11D3-BF4B-00C04F79EFBC}") = "Fuguno.Web", "Fuguno.Services\Fuguno.Web.csproj", "{4B963EDA-1286-4029-A971-CD4183292B35}"
EndProject
Global
	GlobalSection(SolutionConfigurationPlatforms) = preSolution
		Debug|Any CPU = Debug|Any CPU
		Release|Any CPU = Release|Any CPU
	EndGlobalSection
	GlobalSection(ProjectConfigurationPlatforms) = postSolution
		{E38B3715-1EBB-42D4-80B6-16E7A43318E5}.Debug|Any CPU.ActiveCfg = Debug|Any CPU
		{E38B3715-1EBB-42D4-80B6-16E7A43318E5}.Debug|Any CPU.Build.0 = Debug|Any CPU
		{E38B3715-1EBB-42D4-80B6-16E7A43318E5}.Release|Any CPU.ActiveCfg = Release|Any CPU
		{E38B3715-1EBB-42D4-80B6-16E7A43318E5}.Release|Any CPU.Build.0 = Release|Any CPU
		{EAF24EA9-EF04-4E69-B6B0-CBAE6BF30324}.Debug|Any CPU.ActiveCfg = Debug|Any CPU
		{EAF24EA9-EF04-4E69-B6B0-CBAE6BF30324}.Debug|Any CPU.Build.0 = Debug|Any CPU
		{EAF24EA9-EF04-4E69-B6B0-CBAE6BF30324}.Release|Any CPU.ActiveCfg = Release|Any CPU
		{EAF24EA9-EF04-4E69-B6B0-CBAE6BF30324}.Release|Any CPU.Build.0 = Release|Any CPU
		{883B93B9-9520-46C6-AAB0-17E3FBCCE4F5}.Debug|Any CPU.ActiveCfg = Debug|Any CPU
		{883B93B9-9520-46C6-AAB0-17E3FBCCE4F5}.Debug|Any CPU.Build.0 = Debug|Any CPU
		{883B93B9-9520-46C6-AAB0-17E3FBCCE4F5}.Release|Any CPU.ActiveCfg = Release|Any CPU
		{883B93B9-9520-46C6-AAB0-17E3FBCCE4F5}.Release|Any CPU.Build.0 = Release|Any CPU
		{4B963EDA-1286-4029-A971-CD4183292B35}.Debug|Any CPU.ActiveCfg = Debug|Any CPU
		{4B963EDA-1286-4029-A971-CD4183292B35}.Debug|Any CPU.Build.0 = Debug|Any CPU
		{4B963EDA-1286-4029-A971-CD4183292B35}.Release|Any CPU.ActiveCfg = Release|Any CPU
		{4B963EDA-1286-4029-A971-CD4183292B35}.Release|Any CPU.Build.0 = Release|Any CPU
	EndGlobalSection
	GlobalSection(SolutionProperties) = preSolution
		HideSolutionNode = FALSE
	EndGlobalSection
EndGlobal
